
Microsoft Visual Studio Solution File, Format Version 12.00
# Visual Studio Version 16
VisualStudioVersion = 16.0.30104.148
MinimumVisualStudioVersion = 10.0.40219.1
Project("{FAE04EC0-301F-11D3-BF4B-00C04F79EFBC}") = "RazorPagesMovie", "RazorPagesMovie\RazorPagesMovie.csproj", "{02AE6A31-D573-483E-AACA-B3393DEECE26}"
EndProject
Global
	GlobalSection(SolutionConfigurationPlatforms) = preSolution
		Debug|Any CPU = Debug|Any CPU
		Release|Any CPU = Release|Any CPU
	EndGlobalSection
	GlobalSection(ProjectConfigurationPlatforms) = postSolution
		{02AE6A31-D573-483E-AACA-B3393DEECE26}.Debug|Any CPU.ActiveCfg = Debug|Any CPU
		{02AE6A31-D573-483E-AACA-B3393DEECE26}.Debug|Any CPU.Build.0 = Debug|Any CPU
		{02AE6A31-D573-483E-AACA-B3393DEECE26}.Release|Any CPU.ActiveCfg = Release|Any CPU
		{02AE6A31-D573-483E-AACA-B3393DEECE26}.Release|Any CPU.Build.0 = Release|Any CPU
	EndGlobalSection
	GlobalSection(SolutionProperties) = preSolution
		HideSolutionNode = FALSE
	EndGlobalSection
	GlobalSection(ExtensibilityGlobals) = postSolution
		SolutionGuid = {F4954329-0FD6-4A2B-AE53-ABC26CD7722E}
	EndGlobalSection
EndGlobal
